// !$*UTF8*$!
{
	archiveVersion = 1;
	classes = {
	};
	objectVersion = 52;
	objects = {

/* Begin PBXBuildFile section */
		BC84C51725DFBD7E0026B808 /* PersonDetailViewController.swift in Sources */ = {isa = PBXBuildFile; fileRef = BC84C51625DFBD7E0026B808 /* PersonDetailViewController.swift */; };
		BC84C51B25DFBD8A0026B808 /* PersonDetailView.swift in Sources */ = {isa = PBXBuildFile; fileRef = BC84C51A25DFBD8A0026B808 /* PersonDetailView.swift */; };
		BC84C51F25DFBD930026B808 /* PersonDetailViewModel.swift in Sources */ = {isa = PBXBuildFile; fileRef = BC84C51E25DFBD930026B808 /* PersonDetailViewModel.swift */; };
		BC84C52325DFBDA30026B808 /* PersonDetailDataSource.swift in Sources */ = {isa = PBXBuildFile; fileRef = BC84C52225DFBDA30026B808 /* PersonDetailDataSource.swift */; };
		BC84C53225DFCE6F0026B808 /* AvatarCell.swift in Sources */ = {isa = PBXBuildFile; fileRef = BC84C53125DFCE6F0026B808 /* AvatarCell.swift */; };
		BC84C53825DFD3150026B808 /* RootViewController.swift in Sources */ = {isa = PBXBuildFile; fileRef = BC84C53725DFD3150026B808 /* RootViewController.swift */; };
		BC84C53E25DFD4510026B808 /* NavigationController.swift in Sources */ = {isa = PBXBuildFile; fileRef = BC84C53D25DFD4510026B808 /* NavigationController.swift */; };
		BC84C54625DFF9560026B808 /* LoadingCell.swift in Sources */ = {isa = PBXBuildFile; fileRef = BC84C54525DFF9560026B808 /* LoadingCell.swift */; };
		BC84C55A25E005DF0026B808 /* FilmCell.swift in Sources */ = {isa = PBXBuildFile; fileRef = BC84C55925E005DF0026B808 /* FilmCell.swift */; };
		BC84C56425E008CA0026B808 /* NewsGothicStd-Bold.otf in Resources */ = {isa = PBXBuildFile; fileRef = BC84C56325E008CA0026B808 /* NewsGothicStd-Bold.otf */; };
		BC84C56825E009470026B808 /* OpeningCrawlViewController.swift in Sources */ = {isa = PBXBuildFile; fileRef = BC84C56725E009470026B808 /* OpeningCrawlViewController.swift */; };
		BCBD683B25DD7BAA0096C43B /* AppDelegate.swift in Sources */ = {isa = PBXBuildFile; fileRef = BCBD683A25DD7BAA0096C43B /* AppDelegate.swift */; };
		BCBD683D25DD7BAA0096C43B /* SceneDelegate.swift in Sources */ = {isa = PBXBuildFile; fileRef = BCBD683C25DD7BAA0096C43B /* SceneDelegate.swift */; };
		BCBD684425DD7BAB0096C43B /* Assets.xcassets in Resources */ = {isa = PBXBuildFile; fileRef = BCBD684325DD7BAB0096C43B /* Assets.xcassets */; };
		BCBD684725DD7BAB0096C43B /* LaunchScreen.storyboard in Resources */ = {isa = PBXBuildFile; fileRef = BCBD684525DD7BAB0096C43B /* LaunchScreen.storyboard */; };
		BCBD685225DD7BAB0096C43B /* SWPediaTests.swift in Sources */ = {isa = PBXBuildFile; fileRef = BCBD685125DD7BAB0096C43B /* SWPediaTests.swift */; };
		BCBD685D25DD7BAB0096C43B /* SWPediaUITests.swift in Sources */ = {isa = PBXBuildFile; fileRef = BCBD685C25DD7BAB0096C43B /* SWPediaUITests.swift */; };
		BCBD689825DD7BE30096C43B /* SWPediaKit.framework in Frameworks */ = {isa = PBXBuildFile; fileRef = BCBD689725DD7BE30096C43B /* SWPediaKit.framework */; };
		BCBD689925DD7BE30096C43B /* SWPediaKit.framework in Embed Frameworks */ = {isa = PBXBuildFile; fileRef = BCBD689725DD7BE30096C43B /* SWPediaKit.framework */; settings = {ATTRIBUTES = (CodeSignOnCopy, RemoveHeadersOnCopy, ); }; };
		BCBD68B825DD7E900096C43B /* Kingfisher in Frameworks */ = {isa = PBXBuildFile; productRef = BCBD68B725DD7E900096C43B /* Kingfisher */; };
		BCBD68FA25DE53F00096C43B /* PeopleViewController.swift in Sources */ = {isa = PBXBuildFile; fileRef = BCBD68F925DE53F00096C43B /* PeopleViewController.swift */; };
		BCBD690025DE53F90096C43B /* PeopleView.swift in Sources */ = {isa = PBXBuildFile; fileRef = BCBD68FF25DE53F90096C43B /* PeopleView.swift */; };
		BCBD690425DE54030096C43B /* PeopleViewModel.swift in Sources */ = {isa = PBXBuildFile; fileRef = BCBD690325DE54030096C43B /* PeopleViewModel.swift */; };
		BCBD691A25DE59C70096C43B /* PeopleLayoutBuilder.swift in Sources */ = {isa = PBXBuildFile; fileRef = BCBD691925DE59C70096C43B /* PeopleLayoutBuilder.swift */; };
		BCBD692625DE68790096C43B /* PeopleDataSource.swift in Sources */ = {isa = PBXBuildFile; fileRef = BCBD692525DE68790096C43B /* PeopleDataSource.swift */; };
		BCBD692D25DE6A360096C43B /* PeopleGridCell.swift in Sources */ = {isa = PBXBuildFile; fileRef = BCBD692B25DE6A360096C43B /* PeopleGridCell.swift */; };
		BCBD695225DEAB030096C43B /* PeopleListCell.swift in Sources */ = {isa = PBXBuildFile; fileRef = BCBD695125DEAB030096C43B /* PeopleListCell.swift */; };
		BCBD696125DEBA620096C43B /* RoundedImageView.swift in Sources */ = {isa = PBXBuildFile; fileRef = BCBD696025DEBA620096C43B /* RoundedImageView.swift */; };
		BCBD696B25DEBD060096C43B /* UICollectionView+SWPedia.swift in Sources */ = {isa = PBXBuildFile; fileRef = BCBD696A25DEBD060096C43B /* UICollectionView+SWPedia.swift */; };
/* End PBXBuildFile section */

/* Begin PBXContainerItemProxy section */
		BCBD684E25DD7BAB0096C43B /* PBXContainerItemProxy */ = {
			isa = PBXContainerItemProxy;
			containerPortal = BCBD682F25DD7BAA0096C43B /* Project object */;
			proxyType = 1;
			remoteGlobalIDString = BCBD683625DD7BAA0096C43B;
			remoteInfo = SWPedia;
		};
		BCBD685925DD7BAB0096C43B /* PBXContainerItemProxy */ = {
			isa = PBXContainerItemProxy;
			containerPortal = BCBD682F25DD7BAA0096C43B /* Project object */;
			proxyType = 1;
			remoteGlobalIDString = BCBD683625DD7BAA0096C43B;
			remoteInfo = SWPedia;
		};
/* End PBXContainerItemProxy section */

/* Begin PBXCopyFilesBuildPhase section */
		BCBD689A25DD7BE30096C43B /* Embed Frameworks */ = {
			isa = PBXCopyFilesBuildPhase;
			buildActionMask = 2147483647;
			dstPath = "";
			dstSubfolderSpec = 10;
			files = (
				BCBD689925DD7BE30096C43B /* SWPediaKit.framework in Embed Frameworks */,
			);
			name = "Embed Frameworks";
			runOnlyForDeploymentPostprocessing = 0;
		};
/* End PBXCopyFilesBuildPhase section */

/* Begin PBXFileReference section */
		BC84C51625DFBD7E0026B808 /* PersonDetailViewController.swift */ = {isa = PBXFileReference; lastKnownFileType = sourcecode.swift; path = PersonDetailViewController.swift; sourceTree = "<group>"; };
		BC84C51A25DFBD8A0026B808 /* PersonDetailView.swift */ = {isa = PBXFileReference; lastKnownFileType = sourcecode.swift; path = PersonDetailView.swift; sourceTree = "<group>"; };
		BC84C51E25DFBD930026B808 /* PersonDetailViewModel.swift */ = {isa = PBXFileReference; lastKnownFileType = sourcecode.swift; path = PersonDetailViewModel.swift; sourceTree = "<group>"; };
		BC84C52225DFBDA30026B808 /* PersonDetailDataSource.swift */ = {isa = PBXFileReference; lastKnownFileType = sourcecode.swift; path = PersonDetailDataSource.swift; sourceTree = "<group>"; };
		BC84C53125DFCE6F0026B808 /* AvatarCell.swift */ = {isa = PBXFileReference; lastKnownFileType = sourcecode.swift; path = AvatarCell.swift; sourceTree = "<group>"; };
		BC84C53725DFD3150026B808 /* RootViewController.swift */ = {isa = PBXFileReference; lastKnownFileType = sourcecode.swift; path = RootViewController.swift; sourceTree = "<group>"; };
		BC84C53D25DFD4510026B808 /* NavigationController.swift */ = {isa = PBXFileReference; lastKnownFileType = sourcecode.swift; path = NavigationController.swift; sourceTree = "<group>"; };
		BC84C54525DFF9560026B808 /* LoadingCell.swift */ = {isa = PBXFileReference; lastKnownFileType = sourcecode.swift; path = LoadingCell.swift; sourceTree = "<group>"; };
		BC84C55925E005DF0026B808 /* FilmCell.swift */ = {isa = PBXFileReference; lastKnownFileType = sourcecode.swift; path = FilmCell.swift; sourceTree = "<group>"; };
		BC84C56325E008CA0026B808 /* NewsGothicStd-Bold.otf */ = {isa = PBXFileReference; lastKnownFileType = file; path = "NewsGothicStd-Bold.otf"; sourceTree = "<group>"; };
		BC84C56725E009470026B808 /* OpeningCrawlViewController.swift */ = {isa = PBXFileReference; lastKnownFileType = sourcecode.swift; path = OpeningCrawlViewController.swift; sourceTree = "<group>"; };
		BCBD683725DD7BAA0096C43B /* SWPedia.app */ = {isa = PBXFileReference; explicitFileType = wrapper.application; includeInIndex = 0; path = SWPedia.app; sourceTree = BUILT_PRODUCTS_DIR; };
		BCBD683A25DD7BAA0096C43B /* AppDelegate.swift */ = {isa = PBXFileReference; lastKnownFileType = sourcecode.swift; path = AppDelegate.swift; sourceTree = "<group>"; };
		BCBD683C25DD7BAA0096C43B /* SceneDelegate.swift */ = {isa = PBXFileReference; lastKnownFileType = sourcecode.swift; path = SceneDelegate.swift; sourceTree = "<group>"; };
		BCBD684325DD7BAB0096C43B /* Assets.xcassets */ = {isa = PBXFileReference; lastKnownFileType = folder.assetcatalog; path = Assets.xcassets; sourceTree = "<group>"; };
		BCBD684625DD7BAB0096C43B /* Base */ = {isa = PBXFileReference; lastKnownFileType = file.storyboard; name = Base; path = Base.lproj/LaunchScreen.storyboard; sourceTree = "<group>"; };
		BCBD684825DD7BAB0096C43B /* Info.plist */ = {isa = PBXFileReference; lastKnownFileType = text.plist.xml; path = Info.plist; sourceTree = "<group>"; };
		BCBD684D25DD7BAB0096C43B /* SWPediaTests.xctest */ = {isa = PBXFileReference; explicitFileType = wrapper.cfbundle; includeInIndex = 0; path = SWPediaTests.xctest; sourceTree = BUILT_PRODUCTS_DIR; };
		BCBD685125DD7BAB0096C43B /* SWPediaTests.swift */ = {isa = PBXFileReference; lastKnownFileType = sourcecode.swift; path = SWPediaTests.swift; sourceTree = "<group>"; };
		BCBD685325DD7BAB0096C43B /* Info.plist */ = {isa = PBXFileReference; lastKnownFileType = text.plist.xml; path = Info.plist; sourceTree = "<group>"; };
		BCBD685825DD7BAB0096C43B /* SWPediaUITests.xctest */ = {isa = PBXFileReference; explicitFileType = wrapper.cfbundle; includeInIndex = 0; path = SWPediaUITests.xctest; sourceTree = BUILT_PRODUCTS_DIR; };
		BCBD685C25DD7BAB0096C43B /* SWPediaUITests.swift */ = {isa = PBXFileReference; lastKnownFileType = sourcecode.swift; path = SWPediaUITests.swift; sourceTree = "<group>"; };
		BCBD685E25DD7BAB0096C43B /* Info.plist */ = {isa = PBXFileReference; lastKnownFileType = text.plist.xml; path = Info.plist; sourceTree = "<group>"; };
		BCBD689725DD7BE30096C43B /* SWPediaKit.framework */ = {isa = PBXFileReference; explicitFileType = wrapper.framework; path = SWPediaKit.framework; sourceTree = BUILT_PRODUCTS_DIR; };
		BCBD68F925DE53F00096C43B /* PeopleViewController.swift */ = {isa = PBXFileReference; lastKnownFileType = sourcecode.swift; path = PeopleViewController.swift; sourceTree = "<group>"; };
		BCBD68FF25DE53F90096C43B /* PeopleView.swift */ = {isa = PBXFileReference; lastKnownFileType = sourcecode.swift; path = PeopleView.swift; sourceTree = "<group>"; };
		BCBD690325DE54030096C43B /* PeopleViewModel.swift */ = {isa = PBXFileReference; lastKnownFileType = sourcecode.swift; path = PeopleViewModel.swift; sourceTree = "<group>"; };
		BCBD691925DE59C70096C43B /* PeopleLayoutBuilder.swift */ = {isa = PBXFileReference; lastKnownFileType = sourcecode.swift; path = PeopleLayoutBuilder.swift; sourceTree = "<group>"; };
		BCBD692525DE68790096C43B /* PeopleDataSource.swift */ = {isa = PBXFileReference; lastKnownFileType = sourcecode.swift; path = PeopleDataSource.swift; sourceTree = "<group>"; };
		BCBD692B25DE6A360096C43B /* PeopleGridCell.swift */ = {isa = PBXFileReference; lastKnownFileType = sourcecode.swift; path = PeopleGridCell.swift; sourceTree = "<group>"; };
		BCBD695125DEAB030096C43B /* PeopleListCell.swift */ = {isa = PBXFileReference; lastKnownFileType = sourcecode.swift; path = PeopleListCell.swift; sourceTree = "<group>"; };
		BCBD696025DEBA620096C43B /* RoundedImageView.swift */ = {isa = PBXFileReference; lastKnownFileType = sourcecode.swift; path = RoundedImageView.swift; sourceTree = "<group>"; };
		BCBD696A25DEBD060096C43B /* UICollectionView+SWPedia.swift */ = {isa = PBXFileReference; lastKnownFileType = sourcecode.swift; path = "UICollectionView+SWPedia.swift"; sourceTree = "<group>"; };
/* End PBXFileReference section */

/* Begin PBXFrameworksBuildPhase section */
		BCBD683425DD7BAA0096C43B /* Frameworks */ = {
			isa = PBXFrameworksBuildPhase;
			buildActionMask = 2147483647;
			files = (
				BCBD68B825DD7E900096C43B /* Kingfisher in Frameworks */,
				BCBD689825DD7BE30096C43B /* SWPediaKit.framework in Frameworks */,
			);
			runOnlyForDeploymentPostprocessing = 0;
		};
		BCBD684A25DD7BAB0096C43B /* Frameworks */ = {
			isa = PBXFrameworksBuildPhase;
			buildActionMask = 2147483647;
			files = (
			);
			runOnlyForDeploymentPostprocessing = 0;
		};
		BCBD685525DD7BAB0096C43B /* Frameworks */ = {
			isa = PBXFrameworksBuildPhase;
			buildActionMask = 2147483647;
			files = (
			);
			runOnlyForDeploymentPostprocessing = 0;
		};
/* End PBXFrameworksBuildPhase section */

/* Begin PBXGroup section */
		BC84C51525DFBD5F0026B808 /* Person Detail */ = {
			isa = PBXGroup;
			children = (
				BC84C53025DFCE560026B808 /* Cells */,
				BC84C52225DFBDA30026B808 /* PersonDetailDataSource.swift */,
				BC84C51A25DFBD8A0026B808 /* PersonDetailView.swift */,
				BC84C51625DFBD7E0026B808 /* PersonDetailViewController.swift */,
				BC84C51E25DFBD930026B808 /* PersonDetailViewModel.swift */,
			);
			path = "Person Detail";
			sourceTree = "<group>";
		};
		BC84C53025DFCE560026B808 /* Cells */ = {
			isa = PBXGroup;
			children = (
				BC84C53125DFCE6F0026B808 /* AvatarCell.swift */,
				BC84C55925E005DF0026B808 /* FilmCell.swift */,
				BC84C54525DFF9560026B808 /* LoadingCell.swift */,
			);
			path = Cells;
			sourceTree = "<group>";
		};
		BC84C57125E026970026B808 /* View Controllers */ = {
			isa = PBXGroup;
			children = (
				BC84C53D25DFD4510026B808 /* NavigationController.swift */,
				BC84C56725E009470026B808 /* OpeningCrawlViewController.swift */,
				BC84C53725DFD3150026B808 /* RootViewController.swift */,
			);
			path = "View Controllers";
			sourceTree = "<group>";
		};
		BC84C57225E026A00026B808 /* Views */ = {
			isa = PBXGroup;
			children = (
				BCBD696025DEBA620096C43B /* RoundedImageView.swift */,
			);
			path = Views;
			sourceTree = "<group>";
		};
		BC84C57325E026A50026B808 /* Extensions */ = {
			isa = PBXGroup;
			children = (
				BCBD696A25DEBD060096C43B /* UICollectionView+SWPedia.swift */,
			);
			path = Extensions;
			sourceTree = "<group>";
		};
		BCBD682E25DD7BAA0096C43B = {
			isa = PBXGroup;
			children = (
				BCBD683925DD7BAA0096C43B /* SWPedia */,
				BCBD685025DD7BAB0096C43B /* SWPediaTests */,
				BCBD685B25DD7BAB0096C43B /* SWPediaUITests */,
				BCBD683825DD7BAA0096C43B /* Products */,
				BCBD689625DD7BE30096C43B /* Frameworks */,
			);
			sourceTree = "<group>";
		};
		BCBD683825DD7BAA0096C43B /* Products */ = {
			isa = PBXGroup;
			children = (
				BCBD683725DD7BAA0096C43B /* SWPedia.app */,
				BCBD684D25DD7BAB0096C43B /* SWPediaTests.xctest */,
				BCBD685825DD7BAB0096C43B /* SWPediaUITests.xctest */,
			);
			name = Products;
			sourceTree = "<group>";
		};
		BCBD683925DD7BAA0096C43B /* SWPedia */ = {
			isa = PBXGroup;
			children = (
				BCBD695F25DEBA500096C43B /* Common */,
				BCBD68F825DE53E10096C43B /* People */,
				BC84C51525DFBD5F0026B808 /* Person Detail */,
				BCBD683A25DD7BAA0096C43B /* AppDelegate.swift */,
				BCBD684325DD7BAB0096C43B /* Assets.xcassets */,
				BCBD684825DD7BAB0096C43B /* Info.plist */,
				BCBD684525DD7BAB0096C43B /* LaunchScreen.storyboard */,
				BC84C56325E008CA0026B808 /* NewsGothicStd-Bold.otf */,
				BCBD683C25DD7BAA0096C43B /* SceneDelegate.swift */,
			);
			path = SWPedia;
			sourceTree = "<group>";
		};
		BCBD685025DD7BAB0096C43B /* SWPediaTests */ = {
			isa = PBXGroup;
			children = (
				BCBD685125DD7BAB0096C43B /* SWPediaTests.swift */,
				BCBD685325DD7BAB0096C43B /* Info.plist */,
			);
			path = SWPediaTests;
			sourceTree = "<group>";
		};
		BCBD685B25DD7BAB0096C43B /* SWPediaUITests */ = {
			isa = PBXGroup;
			children = (
				BCBD685C25DD7BAB0096C43B /* SWPediaUITests.swift */,
				BCBD685E25DD7BAB0096C43B /* Info.plist */,
			);
			path = SWPediaUITests;
			sourceTree = "<group>";
		};
		BCBD689625DD7BE30096C43B /* Frameworks */ = {
			isa = PBXGroup;
			children = (
				BCBD689725DD7BE30096C43B /* SWPediaKit.framework */,
			);
			name = Frameworks;
			sourceTree = "<group>";
		};
		BCBD68F825DE53E10096C43B /* People */ = {
			isa = PBXGroup;
			children = (
				BCBD696E25DEBD9E0096C43B /* Cells */,
				BCBD692525DE68790096C43B /* PeopleDataSource.swift */,
				BCBD691925DE59C70096C43B /* PeopleLayoutBuilder.swift */,
				BCBD68FF25DE53F90096C43B /* PeopleView.swift */,
				BCBD68F925DE53F00096C43B /* PeopleViewController.swift */,
				BCBD690325DE54030096C43B /* PeopleViewModel.swift */,
			);
			path = People;
			sourceTree = "<group>";
		};
		BCBD695F25DEBA500096C43B /* Common */ = {
			isa = PBXGroup;
			children = (
				BC84C57325E026A50026B808 /* Extensions */,
				BC84C57125E026970026B808 /* View Controllers */,
				BC84C57225E026A00026B808 /* Views */,
			);
			path = Common;
			sourceTree = "<group>";
		};
		BCBD696E25DEBD9E0096C43B /* Cells */ = {
			isa = PBXGroup;
			children = (
				BCBD692B25DE6A360096C43B /* PeopleGridCell.swift */,
				BCBD695125DEAB030096C43B /* PeopleListCell.swift */,
			);
			path = Cells;
			sourceTree = "<group>";
		};
/* End PBXGroup section */

/* Begin PBXNativeTarget section */
		BCBD683625DD7BAA0096C43B /* SWPedia */ = {
			isa = PBXNativeTarget;
			buildConfigurationList = BCBD686125DD7BAB0096C43B /* Build configuration list for PBXNativeTarget "SWPedia" */;
			buildPhases = (
				BCBD683325DD7BAA0096C43B /* Sources */,
				BCBD683425DD7BAA0096C43B /* Frameworks */,
				BCBD683525DD7BAA0096C43B /* Resources */,
				BCBD689A25DD7BE30096C43B /* Embed Frameworks */,
			);
			buildRules = (
			);
			dependencies = (
			);
			name = SWPedia;
			packageProductDependencies = (
				BCBD68B725DD7E900096C43B /* Kingfisher */,
			);
			productName = SWPedia;
			productReference = BCBD683725DD7BAA0096C43B /* SWPedia.app */;
			productType = "com.apple.product-type.application";
		};
		BCBD684C25DD7BAB0096C43B /* SWPediaTests */ = {
			isa = PBXNativeTarget;
			buildConfigurationList = BCBD686425DD7BAB0096C43B /* Build configuration list for PBXNativeTarget "SWPediaTests" */;
			buildPhases = (
				BCBD684925DD7BAB0096C43B /* Sources */,
				BCBD684A25DD7BAB0096C43B /* Frameworks */,
				BCBD684B25DD7BAB0096C43B /* Resources */,
			);
			buildRules = (
			);
			dependencies = (
				BCBD684F25DD7BAB0096C43B /* PBXTargetDependency */,
			);
			name = SWPediaTests;
			productName = SWPediaTests;
			productReference = BCBD684D25DD7BAB0096C43B /* SWPediaTests.xctest */;
			productType = "com.apple.product-type.bundle.unit-test";
		};
		BCBD685725DD7BAB0096C43B /* SWPediaUITests */ = {
			isa = PBXNativeTarget;
			buildConfigurationList = BCBD686725DD7BAB0096C43B /* Build configuration list for PBXNativeTarget "SWPediaUITests" */;
			buildPhases = (
				BCBD685425DD7BAB0096C43B /* Sources */,
				BCBD685525DD7BAB0096C43B /* Frameworks */,
				BCBD685625DD7BAB0096C43B /* Resources */,
			);
			buildRules = (
			);
			dependencies = (
				BCBD685A25DD7BAB0096C43B /* PBXTargetDependency */,
			);
			name = SWPediaUITests;
			productName = SWPediaUITests;
			productReference = BCBD685825DD7BAB0096C43B /* SWPediaUITests.xctest */;
			productType = "com.apple.product-type.bundle.ui-testing";
		};
/* End PBXNativeTarget section */

/* Begin PBXProject section */
		BCBD682F25DD7BAA0096C43B /* Project object */ = {
			isa = PBXProject;
			attributes = {
				LastSwiftUpdateCheck = 1240;
				LastUpgradeCheck = 1240;
				TargetAttributes = {
					BCBD683625DD7BAA0096C43B = {
						CreatedOnToolsVersion = 12.4;
					};
					BCBD684C25DD7BAB0096C43B = {
						CreatedOnToolsVersion = 12.4;
						TestTargetID = BCBD683625DD7BAA0096C43B;
					};
					BCBD685725DD7BAB0096C43B = {
						CreatedOnToolsVersion = 12.4;
						TestTargetID = BCBD683625DD7BAA0096C43B;
					};
				};
			};
			buildConfigurationList = BCBD683225DD7BAA0096C43B /* Build configuration list for PBXProject "SWPedia" */;
			compatibilityVersion = "Xcode 9.3";
			developmentRegion = en;
			hasScannedForEncodings = 0;
			knownRegions = (
				en,
				Base,
			);
			mainGroup = BCBD682E25DD7BAA0096C43B;
			packageReferences = (
				BCBD68B625DD7E900096C43B /* XCRemoteSwiftPackageReference "Kingfisher" */,
			);
			productRefGroup = BCBD683825DD7BAA0096C43B /* Products */;
			projectDirPath = "";
			projectRoot = "";
			targets = (
				BCBD683625DD7BAA0096C43B /* SWPedia */,
				BCBD684C25DD7BAB0096C43B /* SWPediaTests */,
				BCBD685725DD7BAB0096C43B /* SWPediaUITests */,
			);
		};
/* End PBXProject section */

/* Begin PBXResourcesBuildPhase section */
		BCBD683525DD7BAA0096C43B /* Resources */ = {
			isa = PBXResourcesBuildPhase;
			buildActionMask = 2147483647;
			files = (
				BCBD684725DD7BAB0096C43B /* LaunchScreen.storyboard in Resources */,
				BC84C56425E008CA0026B808 /* NewsGothicStd-Bold.otf in Resources */,
				BCBD684425DD7BAB0096C43B /* Assets.xcassets in Resources */,
			);
			runOnlyForDeploymentPostprocessing = 0;
		};
		BCBD684B25DD7BAB0096C43B /* Resources */ = {
			isa = PBXResourcesBuildPhase;
			buildActionMask = 2147483647;
			files = (
			);
			runOnlyForDeploymentPostprocessing = 0;
		};
		BCBD685625DD7BAB0096C43B /* Resources */ = {
			isa = PBXResourcesBuildPhase;
			buildActionMask = 2147483647;
			files = (
			);
			runOnlyForDeploymentPostprocessing = 0;
		};
/* End PBXResourcesBuildPhase section */

/* Begin PBXSourcesBuildPhase section */
		BCBD683325DD7BAA0096C43B /* Sources */ = {
			isa = PBXSourcesBuildPhase;
			buildActionMask = 2147483647;
			files = (
				BC84C55A25E005DF0026B808 /* FilmCell.swift in Sources */,
				BCBD690425DE54030096C43B /* PeopleViewModel.swift in Sources */,
				BCBD690025DE53F90096C43B /* PeopleView.swift in Sources */,
				BC84C53825DFD3150026B808 /* RootViewController.swift in Sources */,
				BCBD68FA25DE53F00096C43B /* PeopleViewController.swift in Sources */,
				BCBD683B25DD7BAA0096C43B /* AppDelegate.swift in Sources */,
				BCBD695225DEAB030096C43B /* PeopleListCell.swift in Sources */,
				BCBD691A25DE59C70096C43B /* PeopleLayoutBuilder.swift in Sources */,
				BC84C53E25DFD4510026B808 /* NavigationController.swift in Sources */,
				BC84C53225DFCE6F0026B808 /* AvatarCell.swift in Sources */,
				BCBD683D25DD7BAA0096C43B /* SceneDelegate.swift in Sources */,
				BCBD696125DEBA620096C43B /* RoundedImageView.swift in Sources */,
				BCBD692625DE68790096C43B /* PeopleDataSource.swift in Sources */,
				BC84C51725DFBD7E0026B808 /* PersonDetailViewController.swift in Sources */,
				BC84C56825E009470026B808 /* OpeningCrawlViewController.swift in Sources */,
				BC84C54625DFF9560026B808 /* LoadingCell.swift in Sources */,
				BCBD696B25DEBD060096C43B /* UICollectionView+SWPedia.swift in Sources */,
				BC84C52325DFBDA30026B808 /* PersonDetailDataSource.swift in Sources */,
				BC84C51B25DFBD8A0026B808 /* PersonDetailView.swift in Sources */,
				BC84C51F25DFBD930026B808 /* PersonDetailViewModel.swift in Sources */,
				BCBD692D25DE6A360096C43B /* PeopleGridCell.swift in Sources */,
			);
			runOnlyForDeploymentPostprocessing = 0;
		};
		BCBD684925DD7BAB0096C43B /* Sources */ = {
			isa = PBXSourcesBuildPhase;
			buildActionMask = 2147483647;
			files = (
				BCBD685225DD7BAB0096C43B /* SWPediaTests.swift in Sources */,
			);
			runOnlyForDeploymentPostprocessing = 0;
		};
		BCBD685425DD7BAB0096C43B /* Sources */ = {
			isa = PBXSourcesBuildPhase;
			buildActionMask = 2147483647;
			files = (
				BCBD685D25DD7BAB0096C43B /* SWPediaUITests.swift in Sources */,
			);
			runOnlyForDeploymentPostprocessing = 0;
		};
/* End PBXSourcesBuildPhase section */

/* Begin PBXTargetDependency section */
		BCBD684F25DD7BAB0096C43B /* PBXTargetDependency */ = {
			isa = PBXTargetDependency;
			target = BCBD683625DD7BAA0096C43B /* SWPedia */;
			targetProxy = BCBD684E25DD7BAB0096C43B /* PBXContainerItemProxy */;
		};
		BCBD685A25DD7BAB0096C43B /* PBXTargetDependency */ = {
			isa = PBXTargetDependency;
			target = BCBD683625DD7BAA0096C43B /* SWPedia */;
			targetProxy = BCBD685925DD7BAB0096C43B /* PBXContainerItemProxy */;
		};
/* End PBXTargetDependency section */

/* Begin PBXVariantGroup section */
		BCBD684525DD7BAB0096C43B /* LaunchScreen.storyboard */ = {
			isa = PBXVariantGroup;
			children = (
				BCBD684625DD7BAB0096C43B /* Base */,
			);
			name = LaunchScreen.storyboard;
			sourceTree = "<group>";
		};
/* End PBXVariantGroup section */

/* Begin XCBuildConfiguration section */
		BCBD685F25DD7BAB0096C43B /* Debug */ = {
			isa = XCBuildConfiguration;
			buildSettings = {
				ALWAYS_SEARCH_USER_PATHS = NO;
				CLANG_ANALYZER_NONNULL = YES;
				CLANG_ANALYZER_NUMBER_OBJECT_CONVERSION = YES_AGGRESSIVE;
				CLANG_CXX_LANGUAGE_STANDARD = "gnu++14";
				CLANG_CXX_LIBRARY = "libc++";
				CLANG_ENABLE_MODULES = YES;
				CLANG_ENABLE_OBJC_ARC = YES;
				CLANG_ENABLE_OBJC_WEAK = YES;
				CLANG_WARN_BLOCK_CAPTURE_AUTORELEASING = YES;
				CLANG_WARN_BOOL_CONVERSION = YES;
				CLANG_WARN_COMMA = YES;
				CLANG_WARN_CONSTANT_CONVERSION = YES;
				CLANG_WARN_DEPRECATED_OBJC_IMPLEMENTATIONS = YES;
				CLANG_WARN_DIRECT_OBJC_ISA_USAGE = YES_ERROR;
				CLANG_WARN_DOCUMENTATION_COMMENTS = YES;
				CLANG_WARN_EMPTY_BODY = YES;
				CLANG_WARN_ENUM_CONVERSION = YES;
				CLANG_WARN_INFINITE_RECURSION = YES;
				CLANG_WARN_INT_CONVERSION = YES;
				CLANG_WARN_NON_LITERAL_NULL_CONVERSION = YES;
				CLANG_WARN_OBJC_IMPLICIT_RETAIN_SELF = YES;
				CLANG_WARN_OBJC_LITERAL_CONVERSION = YES;
				CLANG_WARN_OBJC_ROOT_CLASS = YES_ERROR;
				CLANG_WARN_QUOTED_INCLUDE_IN_FRAMEWORK_HEADER = YES;
				CLANG_WARN_RANGE_LOOP_ANALYSIS = YES;
				CLANG_WARN_STRICT_PROTOTYPES = YES;
				CLANG_WARN_SUSPICIOUS_MOVE = YES;
				CLANG_WARN_UNGUARDED_AVAILABILITY = YES_AGGRESSIVE;
				CLANG_WARN_UNREACHABLE_CODE = YES;
				CLANG_WARN__DUPLICATE_METHOD_MATCH = YES;
				COPY_PHASE_STRIP = NO;
				DEBUG_INFORMATION_FORMAT = dwarf;
				ENABLE_STRICT_OBJC_MSGSEND = YES;
				ENABLE_TESTABILITY = YES;
				GCC_C_LANGUAGE_STANDARD = gnu11;
				GCC_DYNAMIC_NO_PIC = NO;
				GCC_NO_COMMON_BLOCKS = YES;
				GCC_OPTIMIZATION_LEVEL = 0;
				GCC_PREPROCESSOR_DEFINITIONS = (
					"DEBUG=1",
					"$(inherited)",
				);
				GCC_WARN_64_TO_32_BIT_CONVERSION = YES;
				GCC_WARN_ABOUT_RETURN_TYPE = YES_ERROR;
				GCC_WARN_UNDECLARED_SELECTOR = YES;
				GCC_WARN_UNINITIALIZED_AUTOS = YES_AGGRESSIVE;
				GCC_WARN_UNUSED_FUNCTION = YES;
				GCC_WARN_UNUSED_VARIABLE = YES;
				IPHONEOS_DEPLOYMENT_TARGET = 14.1;
				MTL_ENABLE_DEBUG_INFO = INCLUDE_SOURCE;
				MTL_FAST_MATH = YES;
				ONLY_ACTIVE_ARCH = YES;
				SDKROOT = iphoneos;
				SWIFT_ACTIVE_COMPILATION_CONDITIONS = DEBUG;
				SWIFT_OPTIMIZATION_LEVEL = "-Onone";
			};
			name = Debug;
		};
		BCBD686025DD7BAB0096C43B /* Release */ = {
			isa = XCBuildConfiguration;
			buildSettings = {
				ALWAYS_SEARCH_USER_PATHS = NO;
				CLANG_ANALYZER_NONNULL = YES;
				CLANG_ANALYZER_NUMBER_OBJECT_CONVERSION = YES_AGGRESSIVE;
				CLANG_CXX_LANGUAGE_STANDARD = "gnu++14";
				CLANG_CXX_LIBRARY = "libc++";
				CLANG_ENABLE_MODULES = YES;
				CLANG_ENABLE_OBJC_ARC = YES;
				CLANG_ENABLE_OBJC_WEAK = YES;
				CLANG_WARN_BLOCK_CAPTURE_AUTORELEASING = YES;
				CLANG_WARN_BOOL_CONVERSION = YES;
				CLANG_WARN_COMMA = YES;
				CLANG_WARN_CONSTANT_CONVERSION = YES;
				CLANG_WARN_DEPRECATED_OBJC_IMPLEMENTATIONS = YES;
				CLANG_WARN_DIRECT_OBJC_ISA_USAGE = YES_ERROR;
				CLANG_WARN_DOCUMENTATION_COMMENTS = YES;
				CLANG_WARN_EMPTY_BODY = YES;
				CLANG_WARN_ENUM_CONVERSION = YES;
				CLANG_WARN_INFINITE_RECURSION = YES;
				CLANG_WARN_INT_CONVERSION = YES;
				CLANG_WARN_NON_LITERAL_NULL_CONVERSION = YES;
				CLANG_WARN_OBJC_IMPLICIT_RETAIN_SELF = YES;
				CLANG_WARN_OBJC_LITERAL_CONVERSION = YES;
				CLANG_WARN_OBJC_ROOT_CLASS = YES_ERROR;
				CLANG_WARN_QUOTED_INCLUDE_IN_FRAMEWORK_HEADER = YES;
				CLANG_WARN_RANGE_LOOP_ANALYSIS = YES;
				CLANG_WARN_STRICT_PROTOTYPES = YES;
				CLANG_WARN_SUSPICIOUS_MOVE = YES;
				CLANG_WARN_UNGUARDED_AVAILABILITY = YES_AGGRESSIVE;
				CLANG_WARN_UNREACHABLE_CODE = YES;
				CLANG_WARN__DUPLICATE_METHOD_MATCH = YES;
				COPY_PHASE_STRIP = NO;
				DEBUG_INFORMATION_FORMAT = "dwarf-with-dsym";
				ENABLE_NS_ASSERTIONS = NO;
				ENABLE_STRICT_OBJC_MSGSEND = YES;
				GCC_C_LANGUAGE_STANDARD = gnu11;
				GCC_NO_COMMON_BLOCKS = YES;
				GCC_WARN_64_TO_32_BIT_CONVERSION = YES;
				GCC_WARN_ABOUT_RETURN_TYPE = YES_ERROR;
				GCC_WARN_UNDECLARED_SELECTOR = YES;
				GCC_WARN_UNINITIALIZED_AUTOS = YES_AGGRESSIVE;
				GCC_WARN_UNUSED_FUNCTION = YES;
				GCC_WARN_UNUSED_VARIABLE = YES;
				IPHONEOS_DEPLOYMENT_TARGET = 14.1;
				MTL_ENABLE_DEBUG_INFO = NO;
				MTL_FAST_MATH = YES;
				SDKROOT = iphoneos;
				SWIFT_COMPILATION_MODE = wholemodule;
				SWIFT_OPTIMIZATION_LEVEL = "-O";
				VALIDATE_PRODUCT = YES;
			};
			name = Release;
		};
		BCBD686225DD7BAB0096C43B /* Debug */ = {
			isa = XCBuildConfiguration;
			buildSettings = {
				ASSETCATALOG_COMPILER_APPICON_NAME = AppIcon;
				ASSETCATALOG_COMPILER_GLOBAL_ACCENT_COLOR_NAME = AccentColor;
				CODE_SIGN_STYLE = Automatic;
				DEVELOPMENT_TEAM = G9ARX7E85N;
				INFOPLIST_FILE = SWPedia/Info.plist;
				LD_RUNPATH_SEARCH_PATHS = (
					"$(inherited)",
					"@executable_path/Frameworks",
				);
				PRODUCT_BUNDLE_IDENTIFIER = it.emiliopavia.SWPedia;
				PRODUCT_NAME = "$(TARGET_NAME)";
				SWIFT_VERSION = 5.0;
				TARGETED_DEVICE_FAMILY = "1,2";
			};
			name = Debug;
		};
		BCBD686325DD7BAB0096C43B /* Release */ = {
			isa = XCBuildConfiguration;
			buildSettings = {
				ASSETCATALOG_COMPILER_APPICON_NAME = AppIcon;
				ASSETCATALOG_COMPILER_GLOBAL_ACCENT_COLOR_NAME = AccentColor;
				CODE_SIGN_STYLE = Automatic;
				DEVELOPMENT_TEAM = G9ARX7E85N;
				INFOPLIST_FILE = SWPedia/Info.plist;
				LD_RUNPATH_SEARCH_PATHS = (
					"$(inherited)",
					"@executable_path/Frameworks",
				);
				PRODUCT_BUNDLE_IDENTIFIER = it.emiliopavia.SWPedia;
				PRODUCT_NAME = "$(TARGET_NAME)";
				SWIFT_VERSION = 5.0;
				TARGETED_DEVICE_FAMILY = "1,2";
			};
			name = Release;
		};
		BCBD686525DD7BAB0096C43B /* Debug */ = {
			isa = XCBuildConfiguration;
			buildSettings = {
				ALWAYS_EMBED_SWIFT_STANDARD_LIBRARIES = YES;
				BUNDLE_LOADER = "$(TEST_HOST)";
				CODE_SIGN_STYLE = Automatic;
				DEVELOPMENT_TEAM = G9ARX7E85N;
				INFOPLIST_FILE = SWPediaTests/Info.plist;
				IPHONEOS_DEPLOYMENT_TARGET = 14.4;
				LD_RUNPATH_SEARCH_PATHS = (
					"$(inherited)",
					"@executable_path/Frameworks",
					"@loader_path/Frameworks",
				);
				PRODUCT_BUNDLE_IDENTIFIER = it.emiliopavia.SWPediaTests;
				PRODUCT_NAME = "$(TARGET_NAME)";
				SWIFT_VERSION = 5.0;
				TARGETED_DEVICE_FAMILY = "1,2";
				TEST_HOST = "$(BUILT_PRODUCTS_DIR)/SWPedia.app/SWPedia";
			};
			name = Debug;
		};
		BCBD686625DD7BAB0096C43B /* Release */ = {
			isa = XCBuildConfiguration;
			buildSettings = {
				ALWAYS_EMBED_SWIFT_STANDARD_LIBRARIES = YES;
				BUNDLE_LOADER = "$(TEST_HOST)";
				CODE_SIGN_STYLE = Automatic;
				DEVELOPMENT_TEAM = G9ARX7E85N;
				INFOPLIST_FILE = SWPediaTests/Info.plist;
				IPHONEOS_DEPLOYMENT_TARGET = 14.4;
				LD_RUNPATH_SEARCH_PATHS = (
					"$(inherited)",
					"@executable_path/Frameworks",
					"@loader_path/Frameworks",
				);
				PRODUCT_BUNDLE_IDENTIFIER = it.emiliopavia.SWPediaTests;
				PRODUCT_NAME = "$(TARGET_NAME)";
				SWIFT_VERSION = 5.0;
				TARGETED_DEVICE_FAMILY = "1,2";
				TEST_HOST = "$(BUILT_PRODUCTS_DIR)/SWPedia.app/SWPedia";
			};
			name = Release;
		};
		BCBD686825DD7BAB0096C43B /* Debug */ = {
			isa = XCBuildConfiguration;
			buildSettings = {
				ALWAYS_EMBED_SWIFT_STANDARD_LIBRARIES = YES;
				CODE_SIGN_STYLE = Automatic;
				DEVELOPMENT_TEAM = G9ARX7E85N;
				INFOPLIST_FILE = SWPediaUITests/Info.plist;
				LD_RUNPATH_SEARCH_PATHS = (
					"$(inherited)",
					"@executable_path/Frameworks",
					"@loader_path/Frameworks",
				);
				PRODUCT_BUNDLE_IDENTIFIER = it.emiliopavia.SWPediaUITests;
				PRODUCT_NAME = "$(TARGET_NAME)";
				SWIFT_VERSION = 5.0;
				TARGETED_DEVICE_FAMILY = "1,2";
				TEST_TARGET_NAME = SWPedia;
			};
			name = Debug;
		};
		BCBD686925DD7BAB0096C43B /* Release */ = {
			isa = XCBuildConfiguration;
			buildSettings = {
				ALWAYS_EMBED_SWIFT_STANDARD_LIBRARIES = YES;
				CODE_SIGN_STYLE = Automatic;
				DEVELOPMENT_TEAM = G9ARX7E85N;
				INFOPLIST_FILE = SWPediaUITests/Info.plist;
				LD_RUNPATH_SEARCH_PATHS = (
					"$(inherited)",
					"@executable_path/Frameworks",
					"@loader_path/Frameworks",
				);
				PRODUCT_BUNDLE_IDENTIFIER = it.emiliopavia.SWPediaUITests;
				PRODUCT_NAME = "$(TARGET_NAME)";
				SWIFT_VERSION = 5.0;
				TARGETED_DEVICE_FAMILY = "1,2";
				TEST_TARGET_NAME = SWPedia;
			};
			name = Release;
		};
/* End XCBuildConfiguration section */

/* Begin XCConfigurationList section */
		BCBD683225DD7BAA0096C43B /* Build configuration list for PBXProject "SWPedia" */ = {
			isa = XCConfigurationList;
			buildConfigurations = (
				BCBD685F25DD7BAB0096C43B /* Debug */,
				BCBD686025DD7BAB0096C43B /* Release */,
			);
			defaultConfigurationIsVisible = 0;
			defaultConfigurationName = Release;
		};
		BCBD686125DD7BAB0096C43B /* Build configuration list for PBXNativeTarget "SWPedia" */ = {
			isa = XCConfigurationList;
			buildConfigurations = (
				BCBD686225DD7BAB0096C43B /* Debug */,
				BCBD686325DD7BAB0096C43B /* Release */,
			);
			defaultConfigurationIsVisible = 0;
			defaultConfigurationName = Release;
		};
		BCBD686425DD7BAB0096C43B /* Build configuration list for PBXNativeTarget "SWPediaTests" */ = {
			isa = XCConfigurationList;
			buildConfigurations = (
				BCBD686525DD7BAB0096C43B /* Debug */,
				BCBD686625DD7BAB0096C43B /* Release */,
			);
			defaultConfigurationIsVisible = 0;
			defaultConfigurationName = Release;
		};
		BCBD686725DD7BAB0096C43B /* Build configuration list for PBXNativeTarget "SWPediaUITests" */ = {
			isa = XCConfigurationList;
			buildConfigurations = (
				BCBD686825DD7BAB0096C43B /* Debug */,
				BCBD686925DD7BAB0096C43B /* Release */,
			);
			defaultConfigurationIsVisible = 0;
			defaultConfigurationName = Release;
		};
/* End XCConfigurationList section */

/* Begin XCRemoteSwiftPackageReference section */
		BCBD68B625DD7E900096C43B /* XCRemoteSwiftPackageReference "Kingfisher" */ = {
			isa = XCRemoteSwiftPackageReference;
			repositoryURL = "https://github.com/onevcat/Kingfisher.git";
			requirement = {
				kind = upToNextMajorVersion;
				minimumVersion = 6.1.1;
			};
		};
/* End XCRemoteSwiftPackageReference section */

/* Begin XCSwiftPackageProductDependency section */
		BCBD68B725DD7E900096C43B /* Kingfisher */ = {
			isa = XCSwiftPackageProductDependency;
			package = BCBD68B625DD7E900096C43B /* XCRemoteSwiftPackageReference "Kingfisher" */;
			productName = Kingfisher;
		};
/* End XCSwiftPackageProductDependency section */
	};
	rootObject = BCBD682F25DD7BAA0096C43B /* Project object */;
}
